
Microsoft Visual Studio Solution File, Format Version 12.00
# Visual Studio Version 16
VisualStudioVersion = 16.0.31702.278
MinimumVisualStudioVersion = 10.0.40219.1
Project("{2150E333-8FDC-42A3-9474-1A3956D46DE8}") = "src", "src", "{D723E8AD-9367-4A52-8EAF-6ADD3FA9DEEA}"
EndProject
Project("{2150E333-8FDC-42A3-9474-1A3956D46DE8}") = "test", "test", "{B3922C43-7B59-4492-BFC7-AA36138FA867}"
EndProject
Project("{2150E333-8FDC-42A3-9474-1A3956D46DE8}") = "API", "API", "{0100E096-90A1-4DC8-934C-3039D57E9F6E}"
EndProject
Project("{2150E333-8FDC-42A3-9474-1A3956D46DE8}") = "Core", "Core", "{8FE207B2-92CF-4F37-B9CC-2BCB6D78E947}"
EndProject
Project("{2150E333-8FDC-42A3-9474-1A3956D46DE8}") = "Infrastructure", "Infrastructure", "{A0874ADC-8408-4226-B280-247DD727F611}"
EndProject
Project("{2150E333-8FDC-42A3-9474-1A3956D46DE8}") = "UI", "UI", "{347547AE-9F28-432F-9A88-3E06172F6BCC}"
EndProject
Project("{FAE04EC0-301F-11D3-BF4B-00C04F79EFBC}") = "GlobalTicket.TicketManagement.Domain", "GlobalTicket.TicketManagement.Domain\GlobalTicket.TicketManagement.Domain.csproj", "{33C03ABE-30CD-4808-82E4-B2A7E0D2D0D0}"
EndProject
Project("{FAE04EC0-301F-11D3-BF4B-00C04F79EFBC}") = "GlobalTicket.TicketManagement.Application", "GlobalTicket.TicketManagement.Application\GlobalTicket.TicketManagement.Application.csproj", "{420ACD9B-34D5-4861-964B-86115BBF26CB}"
EndProject
Global
	GlobalSection(SolutionConfigurationPlatforms) = preSolution
		Debug|Any CPU = Debug|Any CPU
		Release|Any CPU = Release|Any CPU
	EndGlobalSection
	GlobalSection(ProjectConfigurationPlatforms) = postSolution
		{33C03ABE-30CD-4808-82E4-B2A7E0D2D0D0}.Debug|Any CPU.ActiveCfg = Debug|Any CPU
		{33C03ABE-30CD-4808-82E4-B2A7E0D2D0D0}.Debug|Any CPU.Build.0 = Debug|Any CPU
		{33C03ABE-30CD-4808-82E4-B2A7E0D2D0D0}.Release|Any CPU.ActiveCfg = Release|Any CPU
		{33C03ABE-30CD-4808-82E4-B2A7E0D2D0D0}.Release|Any CPU.Build.0 = Release|Any CPU
		{420ACD9B-34D5-4861-964B-86115BBF26CB}.Debug|Any CPU.ActiveCfg = Debug|Any CPU
		{420ACD9B-34D5-4861-964B-86115BBF26CB}.Debug|Any CPU.Build.0 = Debug|Any CPU
		{420ACD9B-34D5-4861-964B-86115BBF26CB}.Release|Any CPU.ActiveCfg = Release|Any CPU
		{420ACD9B-34D5-4861-964B-86115BBF26CB}.Release|Any CPU.Build.0 = Release|Any CPU
	EndGlobalSection
	GlobalSection(SolutionProperties) = preSolution
		HideSolutionNode = FALSE
	EndGlobalSection
	GlobalSection(NestedProjects) = preSolution
		{0100E096-90A1-4DC8-934C-3039D57E9F6E} = {D723E8AD-9367-4A52-8EAF-6ADD3FA9DEEA}
		{8FE207B2-92CF-4F37-B9CC-2BCB6D78E947} = {D723E8AD-9367-4A52-8EAF-6ADD3FA9DEEA}
		{A0874ADC-8408-4226-B280-247DD727F611} = {D723E8AD-9367-4A52-8EAF-6ADD3FA9DEEA}
		{347547AE-9F28-432F-9A88-3E06172F6BCC} = {D723E8AD-9367-4A52-8EAF-6ADD3FA9DEEA}
		{33C03ABE-30CD-4808-82E4-B2A7E0D2D0D0} = {8FE207B2-92CF-4F37-B9CC-2BCB6D78E947}
		{420ACD9B-34D5-4861-964B-86115BBF26CB} = {8FE207B2-92CF-4F37-B9CC-2BCB6D78E947}
	EndGlobalSection
	GlobalSection(ExtensibilityGlobals) = postSolution
		SolutionGuid = {0011AB6F-A7E4-4F10-9410-37724C400C57}
	EndGlobalSection
EndGlobal
